
Microsoft Visual Studio Solution File, Format Version 10.00
# Visual Studio 2008
Project("{FAE04EC0-301F-11D3-BF4B-00C04F79EFBC}") = "XDAndroidExplorer", "XDAndroidExplorer\XDAndroidExplorer.csproj", "{EDC3F10F-E8B8-4DDB-8F5B-286290588778}"
EndProject
Project("{FAE04EC0-301F-11D3-BF4B-00C04F79EFBC}") = "XDAndroidExplorer.Core", "XDAndroidExplorer.Core\XDAndroidExplorer.Core.csproj", "{9AFF2095-062D-49D7-B4D8-A4E43F37446F}"
EndProject
Global
	GlobalSection(SolutionConfigurationPlatforms) = preSolution
		Debug|Any CPU = Debug|Any CPU
		Release|Any CPU = Release|Any CPU
	EndGlobalSection
	GlobalSection(ProjectConfigurationPlatforms) = postSolution
		{EDC3F10F-E8B8-4DDB-8F5B-286290588778}.Debug|Any CPU.ActiveCfg = Debug|Any CPU
		{EDC3F10F-E8B8-4DDB-8F5B-286290588778}.Debug|Any CPU.Build.0 = Debug|Any CPU
		{EDC3F10F-E8B8-4DDB-8F5B-286290588778}.Release|Any CPU.ActiveCfg = Release|Any CPU
		{EDC3F10F-E8B8-4DDB-8F5B-286290588778}.Release|Any CPU.Build.0 = Release|Any CPU
		{9AFF2095-062D-49D7-B4D8-A4E43F37446F}.Debug|Any CPU.ActiveCfg = Debug|Any CPU
		{9AFF2095-062D-49D7-B4D8-A4E43F37446F}.Debug|Any CPU.Build.0 = Debug|Any CPU
		{9AFF2095-062D-49D7-B4D8-A4E43F37446F}.Release|Any CPU.ActiveCfg = Release|Any CPU
		{9AFF2095-062D-49D7-B4D8-A4E43F37446F}.Release|Any CPU.Build.0 = Release|Any CPU
	EndGlobalSection
	GlobalSection(SolutionProperties) = preSolution
		HideSolutionNode = FALSE
	EndGlobalSection
EndGlobal
