
Microsoft Visual Studio Solution File, Format Version 11.00
# Visual Studio 2010
Project("{FAE04EC0-301F-11D3-BF4B-00C04F79EFBC}") = "DatabaseKeeper", "DatabaseKeeper\DatabaseKeeper.csproj", "{8F583276-5252-486F-9FFF-4E37A6308E03}"
EndProject
Project("{FAE04EC0-301F-11D3-BF4B-00C04F79EFBC}") = "DatabaseKeeperCore", "DatabaseKeeperCore\DatabaseKeeperCore.csproj", "{E8264720-73F8-4B5D-9324-363356FDF6D2}"
EndProject
Project("{FAE04EC0-301F-11D3-BF4B-00C04F79EFBC}") = "MsSqlServerKeeperProvider", "MsSqlServerKeeperProvider\MsSqlServerKeeperProvider.csproj", "{C62AF48B-34C1-4423-89B9-22C8AE95A388}"
EndProject
Project("{FAE04EC0-301F-11D3-BF4B-00C04F79EFBC}") = "aaaSoft.Helpers", "..\..\Lib\DotNet\aaaSoft.Helpers\aaaSoft.Helpers.csproj", "{12334CDF-B370-40BF-A1C2-7D884B0B19E1}"
EndProject
Global
	GlobalSection(SolutionConfigurationPlatforms) = preSolution
		Debug|Any CPU = Debug|Any CPU
		Debug|Mixed Platforms = Debug|Mixed Platforms
		Debug|x86 = Debug|x86
		Release|Any CPU = Release|Any CPU
		Release|Mixed Platforms = Release|Mixed Platforms
		Release|x86 = Release|x86
	EndGlobalSection
	GlobalSection(ProjectConfigurationPlatforms) = postSolution
		{8F583276-5252-486F-9FFF-4E37A6308E03}.Debug|Any CPU.ActiveCfg = Debug|x86
		{8F583276-5252-486F-9FFF-4E37A6308E03}.Debug|Mixed Platforms.ActiveCfg = Debug|x86
		{8F583276-5252-486F-9FFF-4E37A6308E03}.Debug|Mixed Platforms.Build.0 = Debug|x86
		{8F583276-5252-486F-9FFF-4E37A6308E03}.Debug|x86.ActiveCfg = Debug|x86
		{8F583276-5252-486F-9FFF-4E37A6308E03}.Debug|x86.Build.0 = Debug|x86
		{8F583276-5252-486F-9FFF-4E37A6308E03}.Release|Any CPU.ActiveCfg = Release|x86
		{8F583276-5252-486F-9FFF-4E37A6308E03}.Release|Mixed Platforms.ActiveCfg = Release|x86
		{8F583276-5252-486F-9FFF-4E37A6308E03}.Release|Mixed Platforms.Build.0 = Release|x86
		{8F583276-5252-486F-9FFF-4E37A6308E03}.Release|x86.ActiveCfg = Release|x86
		{8F583276-5252-486F-9FFF-4E37A6308E03}.Release|x86.Build.0 = Release|x86
		{E8264720-73F8-4B5D-9324-363356FDF6D2}.Debug|Any CPU.ActiveCfg = Debug|Any CPU
		{E8264720-73F8-4B5D-9324-363356FDF6D2}.Debug|Any CPU.Build.0 = Debug|Any CPU
		{E8264720-73F8-4B5D-9324-363356FDF6D2}.Debug|Mixed Platforms.ActiveCfg = Debug|Any CPU
		{E8264720-73F8-4B5D-9324-363356FDF6D2}.Debug|Mixed Platforms.Build.0 = Debug|Any CPU
		{E8264720-73F8-4B5D-9324-363356FDF6D2}.Debug|x86.ActiveCfg = Debug|Any CPU
		{E8264720-73F8-4B5D-9324-363356FDF6D2}.Release|Any CPU.ActiveCfg = Release|Any CPU
		{E8264720-73F8-4B5D-9324-363356FDF6D2}.Release|Any CPU.Build.0 = Release|Any CPU
		{E8264720-73F8-4B5D-9324-363356FDF6D2}.Release|Mixed Platforms.ActiveCfg = Release|Any CPU
		{E8264720-73F8-4B5D-9324-363356FDF6D2}.Release|Mixed Platforms.Build.0 = Release|Any CPU
		{E8264720-73F8-4B5D-9324-363356FDF6D2}.Release|x86.ActiveCfg = Release|Any CPU
		{C62AF48B-34C1-4423-89B9-22C8AE95A388}.Debug|Any CPU.ActiveCfg = Debug|Any CPU
		{C62AF48B-34C1-4423-89B9-22C8AE95A388}.Debug|Any CPU.Build.0 = Debug|Any CPU
		{C62AF48B-34C1-4423-89B9-22C8AE95A388}.Debug|Mixed Platforms.ActiveCfg = Debug|Any CPU
		{C62AF48B-34C1-4423-89B9-22C8AE95A388}.Debug|Mixed Platforms.Build.0 = Debug|Any CPU
		{C62AF48B-34C1-4423-89B9-22C8AE95A388}.Debug|x86.ActiveCfg = Debug|Any CPU
		{C62AF48B-34C1-4423-89B9-22C8AE95A388}.Release|Any CPU.ActiveCfg = Release|Any CPU
		{C62AF48B-34C1-4423-89B9-22C8AE95A388}.Release|Any CPU.Build.0 = Release|Any CPU
		{C62AF48B-34C1-4423-89B9-22C8AE95A388}.Release|Mixed Platforms.ActiveCfg = Release|Any CPU
		{C62AF48B-34C1-4423-89B9-22C8AE95A388}.Release|Mixed Platforms.Build.0 = Release|Any CPU
		{C62AF48B-34C1-4423-89B9-22C8AE95A388}.Release|x86.ActiveCfg = Release|Any CPU
		{12334CDF-B370-40BF-A1C2-7D884B0B19E1}.Debug|Any CPU.ActiveCfg = Debug|Any CPU
		{12334CDF-B370-40BF-A1C2-7D884B0B19E1}.Debug|Any CPU.Build.0 = Debug|Any CPU
		{12334CDF-B370-40BF-A1C2-7D884B0B19E1}.Debug|Mixed Platforms.ActiveCfg = Debug|Any CPU
		{12334CDF-B370-40BF-A1C2-7D884B0B19E1}.Debug|Mixed Platforms.Build.0 = Debug|Any CPU
		{12334CDF-B370-40BF-A1C2-7D884B0B19E1}.Debug|x86.ActiveCfg = Debug|Any CPU
		{12334CDF-B370-40BF-A1C2-7D884B0B19E1}.Release|Any CPU.ActiveCfg = Release|Any CPU
		{12334CDF-B370-40BF-A1C2-7D884B0B19E1}.Release|Any CPU.Build.0 = Release|Any CPU
		{12334CDF-B370-40BF-A1C2-7D884B0B19E1}.Release|Mixed Platforms.ActiveCfg = Release|Any CPU
		{12334CDF-B370-40BF-A1C2-7D884B0B19E1}.Release|Mixed Platforms.Build.0 = Release|Any CPU
		{12334CDF-B370-40BF-A1C2-7D884B0B19E1}.Release|x86.ActiveCfg = Release|Any CPU
	EndGlobalSection
	GlobalSection(SolutionProperties) = preSolution
		HideSolutionNode = FALSE
	EndGlobalSection
EndGlobal
